
Microsoft Visual Studio Solution File, Format Version 12.00
# Visual Studio 15
VisualStudioVersion = 15.0.26124.0
MinimumVisualStudioVersion = 15.0.26124.0
Project("{FAE04EC0-301F-11D3-BF4B-00C04F79EFBC}") = "mublog-server.Api", "src\mublog-server.Api\mublog-server.Api.csproj", "{D74A9BBB-BAB2-460F-82DC-40221BCAE2A3}"
EndProject
Project("{FAE04EC0-301F-11D3-BF4B-00C04F79EFBC}") = "mublog-server.Tests", "test\mublog-server.Tests\mublog-server.Tests.csproj", "{1887FDE5-BCC6-4E2C-9667-6D31DB04E366}"
EndProject
Project("{FAE04EC0-301F-11D3-BF4B-00C04F79EFBC}") = "mublog-server.DataAccess", "src\mublog-server.DataAccess\mublog-server.DataAccess.csproj", "{C1A23DC1-BB79-4A94-97A7-25AF5B1AB8DD}"
EndProject
Project("{FAE04EC0-301F-11D3-BF4B-00C04F79EFBC}") = "mublog-server.Models", "src\mublog-server.Models\mublog-server.Models.csproj", "{B08C9067-0640-4CF3-B369-0B2BDC01469F}"
EndProject
Global
	GlobalSection(SolutionConfigurationPlatforms) = preSolution
		Debug|Any CPU = Debug|Any CPU
		Debug|x64 = Debug|x64
		Debug|x86 = Debug|x86
		Release|Any CPU = Release|Any CPU
		Release|x64 = Release|x64
		Release|x86 = Release|x86
	EndGlobalSection
	GlobalSection(SolutionProperties) = preSolution
		HideSolutionNode = FALSE
	EndGlobalSection
	GlobalSection(ProjectConfigurationPlatforms) = postSolution
		{D74A9BBB-BAB2-460F-82DC-40221BCAE2A3}.Debug|Any CPU.ActiveCfg = Debug|Any CPU
		{D74A9BBB-BAB2-460F-82DC-40221BCAE2A3}.Debug|Any CPU.Build.0 = Debug|Any CPU
		{D74A9BBB-BAB2-460F-82DC-40221BCAE2A3}.Debug|x64.ActiveCfg = Debug|Any CPU
		{D74A9BBB-BAB2-460F-82DC-40221BCAE2A3}.Debug|x64.Build.0 = Debug|Any CPU
		{D74A9BBB-BAB2-460F-82DC-40221BCAE2A3}.Debug|x86.ActiveCfg = Debug|Any CPU
		{D74A9BBB-BAB2-460F-82DC-40221BCAE2A3}.Debug|x86.Build.0 = Debug|Any CPU
		{D74A9BBB-BAB2-460F-82DC-40221BCAE2A3}.Release|Any CPU.ActiveCfg = Release|Any CPU
		{D74A9BBB-BAB2-460F-82DC-40221BCAE2A3}.Release|Any CPU.Build.0 = Release|Any CPU
		{D74A9BBB-BAB2-460F-82DC-40221BCAE2A3}.Release|x64.ActiveCfg = Release|Any CPU
		{D74A9BBB-BAB2-460F-82DC-40221BCAE2A3}.Release|x64.Build.0 = Release|Any CPU
		{D74A9BBB-BAB2-460F-82DC-40221BCAE2A3}.Release|x86.ActiveCfg = Release|Any CPU
		{D74A9BBB-BAB2-460F-82DC-40221BCAE2A3}.Release|x86.Build.0 = Release|Any CPU
		{1887FDE5-BCC6-4E2C-9667-6D31DB04E366}.Debug|Any CPU.ActiveCfg = Debug|Any CPU
		{1887FDE5-BCC6-4E2C-9667-6D31DB04E366}.Debug|Any CPU.Build.0 = Debug|Any CPU
		{1887FDE5-BCC6-4E2C-9667-6D31DB04E366}.Debug|x64.ActiveCfg = Debug|Any CPU
		{1887FDE5-BCC6-4E2C-9667-6D31DB04E366}.Debug|x64.Build.0 = Debug|Any CPU
		{1887FDE5-BCC6-4E2C-9667-6D31DB04E366}.Debug|x86.ActiveCfg = Debug|Any CPU
		{1887FDE5-BCC6-4E2C-9667-6D31DB04E366}.Debug|x86.Build.0 = Debug|Any CPU
		{1887FDE5-BCC6-4E2C-9667-6D31DB04E366}.Release|Any CPU.ActiveCfg = Release|Any CPU
		{1887FDE5-BCC6-4E2C-9667-6D31DB04E366}.Release|Any CPU.Build.0 = Release|Any CPU
		{1887FDE5-BCC6-4E2C-9667-6D31DB04E366}.Release|x64.ActiveCfg = Release|Any CPU
		{1887FDE5-BCC6-4E2C-9667-6D31DB04E366}.Release|x64.Build.0 = Release|Any CPU
		{1887FDE5-BCC6-4E2C-9667-6D31DB04E366}.Release|x86.ActiveCfg = Release|Any CPU
		{1887FDE5-BCC6-4E2C-9667-6D31DB04E366}.Release|x86.Build.0 = Release|Any CPU
		{C1A23DC1-BB79-4A94-97A7-25AF5B1AB8DD}.Debug|Any CPU.ActiveCfg = Debug|Any CPU
		{C1A23DC1-BB79-4A94-97A7-25AF5B1AB8DD}.Debug|Any CPU.Build.0 = Debug|Any CPU
		{C1A23DC1-BB79-4A94-97A7-25AF5B1AB8DD}.Debug|x64.ActiveCfg = Debug|Any CPU
		{C1A23DC1-BB79-4A94-97A7-25AF5B1AB8DD}.Debug|x64.Build.0 = Debug|Any CPU
		{C1A23DC1-BB79-4A94-97A7-25AF5B1AB8DD}.Debug|x86.ActiveCfg = Debug|Any CPU
		{C1A23DC1-BB79-4A94-97A7-25AF5B1AB8DD}.Debug|x86.Build.0 = Debug|Any CPU
		{C1A23DC1-BB79-4A94-97A7-25AF5B1AB8DD}.Release|Any CPU.ActiveCfg = Release|Any CPU
		{C1A23DC1-BB79-4A94-97A7-25AF5B1AB8DD}.Release|Any CPU.Build.0 = Release|Any CPU
		{C1A23DC1-BB79-4A94-97A7-25AF5B1AB8DD}.Release|x64.ActiveCfg = Release|Any CPU
		{C1A23DC1-BB79-4A94-97A7-25AF5B1AB8DD}.Release|x64.Build.0 = Release|Any CPU
		{C1A23DC1-BB79-4A94-97A7-25AF5B1AB8DD}.Release|x86.ActiveCfg = Release|Any CPU
		{C1A23DC1-BB79-4A94-97A7-25AF5B1AB8DD}.Release|x86.Build.0 = Release|Any CPU
		{B08C9067-0640-4CF3-B369-0B2BDC01469F}.Debug|Any CPU.ActiveCfg = Debug|Any CPU
		{B08C9067-0640-4CF3-B369-0B2BDC01469F}.Debug|Any CPU.Build.0 = Debug|Any CPU
		{B08C9067-0640-4CF3-B369-0B2BDC01469F}.Debug|x64.ActiveCfg = Debug|Any CPU
		{B08C9067-0640-4CF3-B369-0B2BDC01469F}.Debug|x64.Build.0 = Debug|Any CPU
		{B08C9067-0640-4CF3-B369-0B2BDC01469F}.Debug|x86.ActiveCfg = Debug|Any CPU
		{B08C9067-0640-4CF3-B369-0B2BDC01469F}.Debug|x86.Build.0 = Debug|Any CPU
		{B08C9067-0640-4CF3-B369-0B2BDC01469F}.Release|Any CPU.ActiveCfg = Release|Any CPU
		{B08C9067-0640-4CF3-B369-0B2BDC01469F}.Release|Any CPU.Build.0 = Release|Any CPU
		{B08C9067-0640-4CF3-B369-0B2BDC01469F}.Release|x64.ActiveCfg = Release|Any CPU
		{B08C9067-0640-4CF3-B369-0B2BDC01469F}.Release|x64.Build.0 = Release|Any CPU
		{B08C9067-0640-4CF3-B369-0B2BDC01469F}.Release|x86.ActiveCfg = Release|Any CPU
		{B08C9067-0640-4CF3-B369-0B2BDC01469F}.Release|x86.Build.0 = Release|Any CPU
	EndGlobalSection
EndGlobal
