
Microsoft Visual Studio Solution File, Format Version 12.00
# Visual Studio 15
VisualStudioVersion = 15.0.26124.0
MinimumVisualStudioVersion = 15.0.26124.0
Project("{2150E333-8FDC-42A3-9474-1A3956D46DE8}") = "src", "src", "{5AAB8A5E-64BC-4328-B5C6-7019669CECBB}"
EndProject
Project("{2150E333-8FDC-42A3-9474-1A3956D46DE8}") = "tests", "tests", "{D4B123CB-6DB0-49C8-8C91-7659B6C999FE}"
EndProject
Project("{FAE04EC0-301F-11D3-BF4B-00C04F79EFBC}") = "Domain", "src\Domain\Domain.csproj", "{DF4F0932-AC40-4397-A100-C71D76A99DAE}"
EndProject
Project("{FAE04EC0-301F-11D3-BF4B-00C04F79EFBC}") = "Application", "src\Application\Application.csproj", "{3EBA1877-9E17-4722-9192-531A9A1422AE}"
EndProject
Project("{FAE04EC0-301F-11D3-BF4B-00C04F79EFBC}") = "Infrastructure", "src\Infrastructure\Infrastructure.csproj", "{6AD3606E-5346-47A9-98A9-F8273A56DE32}"
EndProject
Project("{FAE04EC0-301F-11D3-BF4B-00C04F79EFBC}") = "PublicApi", "src\PublicApi\PublicApi.csproj", "{C3D9E369-0C98-484F-9F2C-9B452593681E}"
EndProject
Project("{FAE04EC0-301F-11D3-BF4B-00C04F79EFBC}") = "Infrastructure.Tests", "tests\Infrastructure.Tests\Infrastructure.Tests.csproj", "{DEF7777F-E542-443D-BA8E-2650404A2120}"
EndProject
Global
	GlobalSection(SolutionConfigurationPlatforms) = preSolution
		Debug|Any CPU = Debug|Any CPU
		Debug|x64 = Debug|x64
		Debug|x86 = Debug|x86
		Release|Any CPU = Release|Any CPU
		Release|x64 = Release|x64
		Release|x86 = Release|x86
	EndGlobalSection
	GlobalSection(SolutionProperties) = preSolution
		HideSolutionNode = FALSE
	EndGlobalSection
	GlobalSection(NestedProjects) = preSolution
		{DF4F0932-AC40-4397-A100-C71D76A99DAE} = {5AAB8A5E-64BC-4328-B5C6-7019669CECBB}
		{3EBA1877-9E17-4722-9192-531A9A1422AE} = {5AAB8A5E-64BC-4328-B5C6-7019669CECBB}
		{6AD3606E-5346-47A9-98A9-F8273A56DE32} = {5AAB8A5E-64BC-4328-B5C6-7019669CECBB}
		{C3D9E369-0C98-484F-9F2C-9B452593681E} = {5AAB8A5E-64BC-4328-B5C6-7019669CECBB}
		{DEF7777F-E542-443D-BA8E-2650404A2120} = {D4B123CB-6DB0-49C8-8C91-7659B6C999FE}
	EndGlobalSection
	GlobalSection(ProjectConfigurationPlatforms) = postSolution
		{DF4F0932-AC40-4397-A100-C71D76A99DAE}.Debug|Any CPU.ActiveCfg = Debug|Any CPU
		{DF4F0932-AC40-4397-A100-C71D76A99DAE}.Debug|Any CPU.Build.0 = Debug|Any CPU
		{DF4F0932-AC40-4397-A100-C71D76A99DAE}.Debug|x64.ActiveCfg = Debug|Any CPU
		{DF4F0932-AC40-4397-A100-C71D76A99DAE}.Debug|x64.Build.0 = Debug|Any CPU
		{DF4F0932-AC40-4397-A100-C71D76A99DAE}.Debug|x86.ActiveCfg = Debug|Any CPU
		{DF4F0932-AC40-4397-A100-C71D76A99DAE}.Debug|x86.Build.0 = Debug|Any CPU
		{DF4F0932-AC40-4397-A100-C71D76A99DAE}.Release|Any CPU.ActiveCfg = Release|Any CPU
		{DF4F0932-AC40-4397-A100-C71D76A99DAE}.Release|Any CPU.Build.0 = Release|Any CPU
		{DF4F0932-AC40-4397-A100-C71D76A99DAE}.Release|x64.ActiveCfg = Release|Any CPU
		{DF4F0932-AC40-4397-A100-C71D76A99DAE}.Release|x64.Build.0 = Release|Any CPU
		{DF4F0932-AC40-4397-A100-C71D76A99DAE}.Release|x86.ActiveCfg = Release|Any CPU
		{DF4F0932-AC40-4397-A100-C71D76A99DAE}.Release|x86.Build.0 = Release|Any CPU
		{3EBA1877-9E17-4722-9192-531A9A1422AE}.Debug|Any CPU.ActiveCfg = Debug|Any CPU
		{3EBA1877-9E17-4722-9192-531A9A1422AE}.Debug|Any CPU.Build.0 = Debug|Any CPU
		{3EBA1877-9E17-4722-9192-531A9A1422AE}.Debug|x64.ActiveCfg = Debug|Any CPU
		{3EBA1877-9E17-4722-9192-531A9A1422AE}.Debug|x64.Build.0 = Debug|Any CPU
		{3EBA1877-9E17-4722-9192-531A9A1422AE}.Debug|x86.ActiveCfg = Debug|Any CPU
		{3EBA1877-9E17-4722-9192-531A9A1422AE}.Debug|x86.Build.0 = Debug|Any CPU
		{3EBA1877-9E17-4722-9192-531A9A1422AE}.Release|Any CPU.ActiveCfg = Release|Any CPU
		{3EBA1877-9E17-4722-9192-531A9A1422AE}.Release|Any CPU.Build.0 = Release|Any CPU
		{3EBA1877-9E17-4722-9192-531A9A1422AE}.Release|x64.ActiveCfg = Release|Any CPU
		{3EBA1877-9E17-4722-9192-531A9A1422AE}.Release|x64.Build.0 = Release|Any CPU
		{3EBA1877-9E17-4722-9192-531A9A1422AE}.Release|x86.ActiveCfg = Release|Any CPU
		{3EBA1877-9E17-4722-9192-531A9A1422AE}.Release|x86.Build.0 = Release|Any CPU
		{6AD3606E-5346-47A9-98A9-F8273A56DE32}.Debug|Any CPU.ActiveCfg = Debug|Any CPU
		{6AD3606E-5346-47A9-98A9-F8273A56DE32}.Debug|Any CPU.Build.0 = Debug|Any CPU
		{6AD3606E-5346-47A9-98A9-F8273A56DE32}.Debug|x64.ActiveCfg = Debug|Any CPU
		{6AD3606E-5346-47A9-98A9-F8273A56DE32}.Debug|x64.Build.0 = Debug|Any CPU
		{6AD3606E-5346-47A9-98A9-F8273A56DE32}.Debug|x86.ActiveCfg = Debug|Any CPU
		{6AD3606E-5346-47A9-98A9-F8273A56DE32}.Debug|x86.Build.0 = Debug|Any CPU
		{6AD3606E-5346-47A9-98A9-F8273A56DE32}.Release|Any CPU.ActiveCfg = Release|Any CPU
		{6AD3606E-5346-47A9-98A9-F8273A56DE32}.Release|Any CPU.Build.0 = Release|Any CPU
		{6AD3606E-5346-47A9-98A9-F8273A56DE32}.Release|x64.ActiveCfg = Release|Any CPU
		{6AD3606E-5346-47A9-98A9-F8273A56DE32}.Release|x64.Build.0 = Release|Any CPU
		{6AD3606E-5346-47A9-98A9-F8273A56DE32}.Release|x86.ActiveCfg = Release|Any CPU
		{6AD3606E-5346-47A9-98A9-F8273A56DE32}.Release|x86.Build.0 = Release|Any CPU
		{C3D9E369-0C98-484F-9F2C-9B452593681E}.Debug|Any CPU.ActiveCfg = Debug|Any CPU
		{C3D9E369-0C98-484F-9F2C-9B452593681E}.Debug|Any CPU.Build.0 = Debug|Any CPU
		{C3D9E369-0C98-484F-9F2C-9B452593681E}.Debug|x64.ActiveCfg = Debug|Any CPU
		{C3D9E369-0C98-484F-9F2C-9B452593681E}.Debug|x64.Build.0 = Debug|Any CPU
		{C3D9E369-0C98-484F-9F2C-9B452593681E}.Debug|x86.ActiveCfg = Debug|Any CPU
		{C3D9E369-0C98-484F-9F2C-9B452593681E}.Debug|x86.Build.0 = Debug|Any CPU
		{C3D9E369-0C98-484F-9F2C-9B452593681E}.Release|Any CPU.ActiveCfg = Release|Any CPU
		{C3D9E369-0C98-484F-9F2C-9B452593681E}.Release|Any CPU.Build.0 = Release|Any CPU
		{C3D9E369-0C98-484F-9F2C-9B452593681E}.Release|x64.ActiveCfg = Release|Any CPU
		{C3D9E369-0C98-484F-9F2C-9B452593681E}.Release|x64.Build.0 = Release|Any CPU
		{C3D9E369-0C98-484F-9F2C-9B452593681E}.Release|x86.ActiveCfg = Release|Any CPU
		{C3D9E369-0C98-484F-9F2C-9B452593681E}.Release|x86.Build.0 = Release|Any CPU
		{DEF7777F-E542-443D-BA8E-2650404A2120}.Debug|Any CPU.ActiveCfg = Debug|Any CPU
		{DEF7777F-E542-443D-BA8E-2650404A2120}.Debug|Any CPU.Build.0 = Debug|Any CPU
		{DEF7777F-E542-443D-BA8E-2650404A2120}.Debug|x64.ActiveCfg = Debug|Any CPU
		{DEF7777F-E542-443D-BA8E-2650404A2120}.Debug|x64.Build.0 = Debug|Any CPU
		{DEF7777F-E542-443D-BA8E-2650404A2120}.Debug|x86.ActiveCfg = Debug|Any CPU
		{DEF7777F-E542-443D-BA8E-2650404A2120}.Debug|x86.Build.0 = Debug|Any CPU
		{DEF7777F-E542-443D-BA8E-2650404A2120}.Release|Any CPU.ActiveCfg = Release|Any CPU
		{DEF7777F-E542-443D-BA8E-2650404A2120}.Release|Any CPU.Build.0 = Release|Any CPU
		{DEF7777F-E542-443D-BA8E-2650404A2120}.Release|x64.ActiveCfg = Release|Any CPU
		{DEF7777F-E542-443D-BA8E-2650404A2120}.Release|x64.Build.0 = Release|Any CPU
		{DEF7777F-E542-443D-BA8E-2650404A2120}.Release|x86.ActiveCfg = Release|Any CPU
		{DEF7777F-E542-443D-BA8E-2650404A2120}.Release|x86.Build.0 = Release|Any CPU
	EndGlobalSection
EndGlobal
