
Microsoft Visual Studio Solution File, Format Version 12.00
# Visual Studio 15
VisualStudioVersion = 15.0.26124.0
MinimumVisualStudioVersion = 15.0.26124.0
Project("{FAE04EC0-301F-11D3-BF4B-00C04F79EFBC}") = "Mublog.Server.Api", "src\Mublog.Server.Api\Mublog.Server.Api.csproj", "{E2BA627D-34E9-4DC2-B055-4D341EAA2DE9}"
EndProject
Project("{FAE04EC0-301F-11D3-BF4B-00C04F79EFBC}") = "Mublog.Server.DataAccess", "src\Mublog.Server.DataAccess\Mublog.Server.DataAccess.csproj", "{49F04170-52A9-4011-9B6A-394D408E6F2F}"
EndProject
Project("{FAE04EC0-301F-11D3-BF4B-00C04F79EFBC}") = "Mublog.Server.Models", "src\Mublog.Server.Models\Mublog.Server.Models.csproj", "{C1C5A9D5-ED0A-4891-A765-1FB824730AA9}"
EndProject
Project("{FAE04EC0-301F-11D3-BF4B-00C04F79EFBC}") = "Mublog.Server.Tests", "test\Mublog.Server.Tests\Mublog.Server.Tests.csproj", "{FE218087-79EA-4535-A849-9CA75AF09928}"
EndProject
Global
	GlobalSection(SolutionConfigurationPlatforms) = preSolution
		Debug|Any CPU = Debug|Any CPU
		Debug|x64 = Debug|x64
		Debug|x86 = Debug|x86
		Release|Any CPU = Release|Any CPU
		Release|x64 = Release|x64
		Release|x86 = Release|x86
	EndGlobalSection
	GlobalSection(SolutionProperties) = preSolution
		HideSolutionNode = FALSE
	EndGlobalSection
	GlobalSection(ProjectConfigurationPlatforms) = postSolution
		{E2BA627D-34E9-4DC2-B055-4D341EAA2DE9}.Debug|Any CPU.ActiveCfg = Debug|Any CPU
		{E2BA627D-34E9-4DC2-B055-4D341EAA2DE9}.Debug|Any CPU.Build.0 = Debug|Any CPU
		{E2BA627D-34E9-4DC2-B055-4D341EAA2DE9}.Debug|x64.ActiveCfg = Debug|Any CPU
		{E2BA627D-34E9-4DC2-B055-4D341EAA2DE9}.Debug|x64.Build.0 = Debug|Any CPU
		{E2BA627D-34E9-4DC2-B055-4D341EAA2DE9}.Debug|x86.ActiveCfg = Debug|Any CPU
		{E2BA627D-34E9-4DC2-B055-4D341EAA2DE9}.Debug|x86.Build.0 = Debug|Any CPU
		{E2BA627D-34E9-4DC2-B055-4D341EAA2DE9}.Release|Any CPU.ActiveCfg = Release|Any CPU
		{E2BA627D-34E9-4DC2-B055-4D341EAA2DE9}.Release|Any CPU.Build.0 = Release|Any CPU
		{E2BA627D-34E9-4DC2-B055-4D341EAA2DE9}.Release|x64.ActiveCfg = Release|Any CPU
		{E2BA627D-34E9-4DC2-B055-4D341EAA2DE9}.Release|x64.Build.0 = Release|Any CPU
		{E2BA627D-34E9-4DC2-B055-4D341EAA2DE9}.Release|x86.ActiveCfg = Release|Any CPU
		{E2BA627D-34E9-4DC2-B055-4D341EAA2DE9}.Release|x86.Build.0 = Release|Any CPU
		{49F04170-52A9-4011-9B6A-394D408E6F2F}.Debug|Any CPU.ActiveCfg = Debug|Any CPU
		{49F04170-52A9-4011-9B6A-394D408E6F2F}.Debug|Any CPU.Build.0 = Debug|Any CPU
		{49F04170-52A9-4011-9B6A-394D408E6F2F}.Debug|x64.ActiveCfg = Debug|Any CPU
		{49F04170-52A9-4011-9B6A-394D408E6F2F}.Debug|x64.Build.0 = Debug|Any CPU
		{49F04170-52A9-4011-9B6A-394D408E6F2F}.Debug|x86.ActiveCfg = Debug|Any CPU
		{49F04170-52A9-4011-9B6A-394D408E6F2F}.Debug|x86.Build.0 = Debug|Any CPU
		{49F04170-52A9-4011-9B6A-394D408E6F2F}.Release|Any CPU.ActiveCfg = Release|Any CPU
		{49F04170-52A9-4011-9B6A-394D408E6F2F}.Release|Any CPU.Build.0 = Release|Any CPU
		{49F04170-52A9-4011-9B6A-394D408E6F2F}.Release|x64.ActiveCfg = Release|Any CPU
		{49F04170-52A9-4011-9B6A-394D408E6F2F}.Release|x64.Build.0 = Release|Any CPU
		{49F04170-52A9-4011-9B6A-394D408E6F2F}.Release|x86.ActiveCfg = Release|Any CPU
		{49F04170-52A9-4011-9B6A-394D408E6F2F}.Release|x86.Build.0 = Release|Any CPU
		{C1C5A9D5-ED0A-4891-A765-1FB824730AA9}.Debug|Any CPU.ActiveCfg = Debug|Any CPU
		{C1C5A9D5-ED0A-4891-A765-1FB824730AA9}.Debug|Any CPU.Build.0 = Debug|Any CPU
		{C1C5A9D5-ED0A-4891-A765-1FB824730AA9}.Debug|x64.ActiveCfg = Debug|Any CPU
		{C1C5A9D5-ED0A-4891-A765-1FB824730AA9}.Debug|x64.Build.0 = Debug|Any CPU
		{C1C5A9D5-ED0A-4891-A765-1FB824730AA9}.Debug|x86.ActiveCfg = Debug|Any CPU
		{C1C5A9D5-ED0A-4891-A765-1FB824730AA9}.Debug|x86.Build.0 = Debug|Any CPU
		{C1C5A9D5-ED0A-4891-A765-1FB824730AA9}.Release|Any CPU.ActiveCfg = Release|Any CPU
		{C1C5A9D5-ED0A-4891-A765-1FB824730AA9}.Release|Any CPU.Build.0 = Release|Any CPU
		{C1C5A9D5-ED0A-4891-A765-1FB824730AA9}.Release|x64.ActiveCfg = Release|Any CPU
		{C1C5A9D5-ED0A-4891-A765-1FB824730AA9}.Release|x64.Build.0 = Release|Any CPU
		{C1C5A9D5-ED0A-4891-A765-1FB824730AA9}.Release|x86.ActiveCfg = Release|Any CPU
		{C1C5A9D5-ED0A-4891-A765-1FB824730AA9}.Release|x86.Build.0 = Release|Any CPU
		{FE218087-79EA-4535-A849-9CA75AF09928}.Debug|Any CPU.ActiveCfg = Debug|Any CPU
		{FE218087-79EA-4535-A849-9CA75AF09928}.Debug|Any CPU.Build.0 = Debug|Any CPU
		{FE218087-79EA-4535-A849-9CA75AF09928}.Debug|x64.ActiveCfg = Debug|Any CPU
		{FE218087-79EA-4535-A849-9CA75AF09928}.Debug|x64.Build.0 = Debug|Any CPU
		{FE218087-79EA-4535-A849-9CA75AF09928}.Debug|x86.ActiveCfg = Debug|Any CPU
		{FE218087-79EA-4535-A849-9CA75AF09928}.Debug|x86.Build.0 = Debug|Any CPU
		{FE218087-79EA-4535-A849-9CA75AF09928}.Release|Any CPU.ActiveCfg = Release|Any CPU
		{FE218087-79EA-4535-A849-9CA75AF09928}.Release|Any CPU.Build.0 = Release|Any CPU
		{FE218087-79EA-4535-A849-9CA75AF09928}.Release|x64.ActiveCfg = Release|Any CPU
		{FE218087-79EA-4535-A849-9CA75AF09928}.Release|x64.Build.0 = Release|Any CPU
		{FE218087-79EA-4535-A849-9CA75AF09928}.Release|x86.ActiveCfg = Release|Any CPU
		{FE218087-79EA-4535-A849-9CA75AF09928}.Release|x86.Build.0 = Release|Any CPU
	EndGlobalSection
EndGlobal
