
Microsoft Visual Studio Solution File, Format Version 12.00
# Visual Studio 15
VisualStudioVersion = 15.0.26124.0
MinimumVisualStudioVersion = 15.0.26124.0
Project("{FAE04EC0-301F-11D3-BF4B-00C04F79EFBC}") = "PublicApi", "src\PublicApi\PublicApi.csproj", "{6A7A6D10-F08D-4EA3-AA41-E32F7B456A88}"
EndProject
Project("{FAE04EC0-301F-11D3-BF4B-00C04F79EFBC}") = "Infrastructure", "src\Infrastructure\Infrastructure.csproj", "{082FCD8D-36E5-47FA-ABA2-C4A0A64642F4}"
EndProject
Project("{FAE04EC0-301F-11D3-BF4B-00C04F79EFBC}") = "Infrastructure.Tests", "tests\Infrastructure.Tests\Infrastructure.Tests.csproj", "{2F43DB2E-2310-4CC8-BC30-591AC563A0A2}"
EndProject
Project("{FAE04EC0-301F-11D3-BF4B-00C04F79EFBC}") = "Application", "src\Application\Application.csproj", "{15F27A38-98BA-4969-8790-2DCA5AA2ABF6}"
EndProject
Project("{2150E333-8FDC-42A3-9474-1A3956D46DE8}") = "src", "src", "{70E57A28-0236-4D4B-9C08-2BC8CA1F0EA7}"
EndProject
Project("{2150E333-8FDC-42A3-9474-1A3956D46DE8}") = "tests", "tests", "{C764967A-4C65-46C7-BC43-15C3FAFC6481}"
EndProject
Project("{FAE04EC0-301F-11D3-BF4B-00C04F79EFBC}") = "Domain", "src\Domain\Domain.csproj", "{0148A908-F833-4672-89B5-BD248075C5C5}"
EndProject
Global
	GlobalSection(SolutionConfigurationPlatforms) = preSolution
		Debug|Any CPU = Debug|Any CPU
		Debug|x64 = Debug|x64
		Debug|x86 = Debug|x86
		Release|Any CPU = Release|Any CPU
		Release|x64 = Release|x64
		Release|x86 = Release|x86
	EndGlobalSection
	GlobalSection(SolutionProperties) = preSolution
		HideSolutionNode = FALSE
	EndGlobalSection
	GlobalSection(ProjectConfigurationPlatforms) = postSolution
		{6A7A6D10-F08D-4EA3-AA41-E32F7B456A88}.Debug|Any CPU.ActiveCfg = Debug|Any CPU
		{6A7A6D10-F08D-4EA3-AA41-E32F7B456A88}.Debug|Any CPU.Build.0 = Debug|Any CPU
		{6A7A6D10-F08D-4EA3-AA41-E32F7B456A88}.Debug|x64.ActiveCfg = Debug|Any CPU
		{6A7A6D10-F08D-4EA3-AA41-E32F7B456A88}.Debug|x64.Build.0 = Debug|Any CPU
		{6A7A6D10-F08D-4EA3-AA41-E32F7B456A88}.Debug|x86.ActiveCfg = Debug|Any CPU
		{6A7A6D10-F08D-4EA3-AA41-E32F7B456A88}.Debug|x86.Build.0 = Debug|Any CPU
		{6A7A6D10-F08D-4EA3-AA41-E32F7B456A88}.Release|Any CPU.ActiveCfg = Release|Any CPU
		{6A7A6D10-F08D-4EA3-AA41-E32F7B456A88}.Release|Any CPU.Build.0 = Release|Any CPU
		{6A7A6D10-F08D-4EA3-AA41-E32F7B456A88}.Release|x64.ActiveCfg = Release|Any CPU
		{6A7A6D10-F08D-4EA3-AA41-E32F7B456A88}.Release|x64.Build.0 = Release|Any CPU
		{6A7A6D10-F08D-4EA3-AA41-E32F7B456A88}.Release|x86.ActiveCfg = Release|Any CPU
		{6A7A6D10-F08D-4EA3-AA41-E32F7B456A88}.Release|x86.Build.0 = Release|Any CPU
		{082FCD8D-36E5-47FA-ABA2-C4A0A64642F4}.Debug|Any CPU.ActiveCfg = Debug|Any CPU
		{082FCD8D-36E5-47FA-ABA2-C4A0A64642F4}.Debug|Any CPU.Build.0 = Debug|Any CPU
		{082FCD8D-36E5-47FA-ABA2-C4A0A64642F4}.Debug|x64.ActiveCfg = Debug|Any CPU
		{082FCD8D-36E5-47FA-ABA2-C4A0A64642F4}.Debug|x64.Build.0 = Debug|Any CPU
		{082FCD8D-36E5-47FA-ABA2-C4A0A64642F4}.Debug|x86.ActiveCfg = Debug|Any CPU
		{082FCD8D-36E5-47FA-ABA2-C4A0A64642F4}.Debug|x86.Build.0 = Debug|Any CPU
		{082FCD8D-36E5-47FA-ABA2-C4A0A64642F4}.Release|Any CPU.ActiveCfg = Release|Any CPU
		{082FCD8D-36E5-47FA-ABA2-C4A0A64642F4}.Release|Any CPU.Build.0 = Release|Any CPU
		{082FCD8D-36E5-47FA-ABA2-C4A0A64642F4}.Release|x64.ActiveCfg = Release|Any CPU
		{082FCD8D-36E5-47FA-ABA2-C4A0A64642F4}.Release|x64.Build.0 = Release|Any CPU
		{082FCD8D-36E5-47FA-ABA2-C4A0A64642F4}.Release|x86.ActiveCfg = Release|Any CPU
		{082FCD8D-36E5-47FA-ABA2-C4A0A64642F4}.Release|x86.Build.0 = Release|Any CPU
		{2F43DB2E-2310-4CC8-BC30-591AC563A0A2}.Debug|Any CPU.ActiveCfg = Debug|Any CPU
		{2F43DB2E-2310-4CC8-BC30-591AC563A0A2}.Debug|Any CPU.Build.0 = Debug|Any CPU
		{2F43DB2E-2310-4CC8-BC30-591AC563A0A2}.Debug|x64.ActiveCfg = Debug|Any CPU
		{2F43DB2E-2310-4CC8-BC30-591AC563A0A2}.Debug|x64.Build.0 = Debug|Any CPU
		{2F43DB2E-2310-4CC8-BC30-591AC563A0A2}.Debug|x86.ActiveCfg = Debug|Any CPU
		{2F43DB2E-2310-4CC8-BC30-591AC563A0A2}.Debug|x86.Build.0 = Debug|Any CPU
		{2F43DB2E-2310-4CC8-BC30-591AC563A0A2}.Release|Any CPU.ActiveCfg = Release|Any CPU
		{2F43DB2E-2310-4CC8-BC30-591AC563A0A2}.Release|Any CPU.Build.0 = Release|Any CPU
		{2F43DB2E-2310-4CC8-BC30-591AC563A0A2}.Release|x64.ActiveCfg = Release|Any CPU
		{2F43DB2E-2310-4CC8-BC30-591AC563A0A2}.Release|x64.Build.0 = Release|Any CPU
		{2F43DB2E-2310-4CC8-BC30-591AC563A0A2}.Release|x86.ActiveCfg = Release|Any CPU
		{2F43DB2E-2310-4CC8-BC30-591AC563A0A2}.Release|x86.Build.0 = Release|Any CPU
		{15F27A38-98BA-4969-8790-2DCA5AA2ABF6}.Debug|Any CPU.ActiveCfg = Debug|Any CPU
		{15F27A38-98BA-4969-8790-2DCA5AA2ABF6}.Debug|Any CPU.Build.0 = Debug|Any CPU
		{15F27A38-98BA-4969-8790-2DCA5AA2ABF6}.Debug|x64.ActiveCfg = Debug|Any CPU
		{15F27A38-98BA-4969-8790-2DCA5AA2ABF6}.Debug|x64.Build.0 = Debug|Any CPU
		{15F27A38-98BA-4969-8790-2DCA5AA2ABF6}.Debug|x86.ActiveCfg = Debug|Any CPU
		{15F27A38-98BA-4969-8790-2DCA5AA2ABF6}.Debug|x86.Build.0 = Debug|Any CPU
		{15F27A38-98BA-4969-8790-2DCA5AA2ABF6}.Release|Any CPU.ActiveCfg = Release|Any CPU
		{15F27A38-98BA-4969-8790-2DCA5AA2ABF6}.Release|Any CPU.Build.0 = Release|Any CPU
		{15F27A38-98BA-4969-8790-2DCA5AA2ABF6}.Release|x64.ActiveCfg = Release|Any CPU
		{15F27A38-98BA-4969-8790-2DCA5AA2ABF6}.Release|x64.Build.0 = Release|Any CPU
		{15F27A38-98BA-4969-8790-2DCA5AA2ABF6}.Release|x86.ActiveCfg = Release|Any CPU
		{15F27A38-98BA-4969-8790-2DCA5AA2ABF6}.Release|x86.Build.0 = Release|Any CPU
		{0148A908-F833-4672-89B5-BD248075C5C5}.Debug|Any CPU.ActiveCfg = Debug|Any CPU
		{0148A908-F833-4672-89B5-BD248075C5C5}.Debug|Any CPU.Build.0 = Debug|Any CPU
		{0148A908-F833-4672-89B5-BD248075C5C5}.Debug|x64.ActiveCfg = Debug|Any CPU
		{0148A908-F833-4672-89B5-BD248075C5C5}.Debug|x64.Build.0 = Debug|Any CPU
		{0148A908-F833-4672-89B5-BD248075C5C5}.Debug|x86.ActiveCfg = Debug|Any CPU
		{0148A908-F833-4672-89B5-BD248075C5C5}.Debug|x86.Build.0 = Debug|Any CPU
		{0148A908-F833-4672-89B5-BD248075C5C5}.Release|Any CPU.ActiveCfg = Release|Any CPU
		{0148A908-F833-4672-89B5-BD248075C5C5}.Release|Any CPU.Build.0 = Release|Any CPU
		{0148A908-F833-4672-89B5-BD248075C5C5}.Release|x64.ActiveCfg = Release|Any CPU
		{0148A908-F833-4672-89B5-BD248075C5C5}.Release|x64.Build.0 = Release|Any CPU
		{0148A908-F833-4672-89B5-BD248075C5C5}.Release|x86.ActiveCfg = Release|Any CPU
		{0148A908-F833-4672-89B5-BD248075C5C5}.Release|x86.Build.0 = Release|Any CPU
	EndGlobalSection
	GlobalSection(NestedProjects) = preSolution
		{15F27A38-98BA-4969-8790-2DCA5AA2ABF6} = {70E57A28-0236-4D4B-9C08-2BC8CA1F0EA7}
		{082FCD8D-36E5-47FA-ABA2-C4A0A64642F4} = {70E57A28-0236-4D4B-9C08-2BC8CA1F0EA7}
		{6A7A6D10-F08D-4EA3-AA41-E32F7B456A88} = {70E57A28-0236-4D4B-9C08-2BC8CA1F0EA7}
		{2F43DB2E-2310-4CC8-BC30-591AC563A0A2} = {C764967A-4C65-46C7-BC43-15C3FAFC6481}
		{0148A908-F833-4672-89B5-BD248075C5C5} = {70E57A28-0236-4D4B-9C08-2BC8CA1F0EA7}
	EndGlobalSection
EndGlobal
